// !$*UTF8*$!
{
	archiveVersion = 1;
	classes = {
	};
	objectVersion = 50;
	objects = {

/* Begin PBXBuildFile section */
		8A835E2A25821F390033CB56 /* AppDelegate.m in Sources */ = {isa = PBXBuildFile; fileRef = 8A835E2925821F390033CB56 /* AppDelegate.m */; };
		8A835E2D25821F390033CB56 /* SceneDelegate.m in Sources */ = {isa = PBXBuildFile; fileRef = 8A835E2C25821F390033CB56 /* SceneDelegate.m */; };
		8A835E3025821F390033CB56 /* ViewController.m in Sources */ = {isa = PBXBuildFile; fileRef = 8A835E2F25821F390033CB56 /* ViewController.m */; };
		8A835E3325821F390033CB56 /* Main.storyboard in Resources */ = {isa = PBXBuildFile; fileRef = 8A835E3125821F390033CB56 /* Main.storyboard */; };
		8A835E3525821F3E0033CB56 /* Assets.xcassets in Resources */ = {isa = PBXBuildFile; fileRef = 8A835E3425821F3E0033CB56 /* Assets.xcassets */; };
		8A835E3825821F3E0033CB56 /* LaunchScreen.storyboard in Resources */ = {isa = PBXBuildFile; fileRef = 8A835E3625821F3E0033CB56 /* LaunchScreen.storyboard */; };
		8A835E3B25821F3E0033CB56 /* main.m in Sources */ = {isa = PBXBuildFile; fileRef = 8A835E3A25821F3E0033CB56 /* main.m */; };
		8A835E4525821F3E0033CB56 /* UILabel___Tests.m in Sources */ = {isa = PBXBuildFile; fileRef = 8A835E4425821F3E0033CB56 /* UILabel___Tests.m */; };
		8A835E5025821F3E0033CB56 /* UILabel___UITests.m in Sources */ = {isa = PBXBuildFile; fileRef = 8A835E4F25821F3E0033CB56 /* UILabel___UITests.m */; };
/* End PBXBuildFile section */

/* Begin PBXContainerItemProxy section */
		8A835E4125821F3E0033CB56 /* PBXContainerItemProxy */ = {
			isa = PBXContainerItemProxy;
			containerPortal = 8A835E1D25821F390033CB56 /* Project object */;
			proxyType = 1;
			remoteGlobalIDString = 8A835E2425821F390033CB56;
			remoteInfo = "UILabel的使用";
		};
		8A835E4C25821F3E0033CB56 /* PBXContainerItemProxy */ = {
			isa = PBXContainerItemProxy;
			containerPortal = 8A835E1D25821F390033CB56 /* Project object */;
			proxyType = 1;
			remoteGlobalIDString = 8A835E2425821F390033CB56;
			remoteInfo = "UILabel的使用";
		};
/* End PBXContainerItemProxy section */

/* Begin PBXFileReference section */
		8A835E2525821F390033CB56 /* UILabel的使用.app */ = {isa = PBXFileReference; explicitFileType = wrapper.application; includeInIndex = 0; path = "UILabel的使用.app"; sourceTree = BUILT_PRODUCTS_DIR; };
		8A835E2825821F390033CB56 /* AppDelegate.h */ = {isa = PBXFileReference; lastKnownFileType = sourcecode.c.h; path = AppDelegate.h; sourceTree = "<group>"; };
		8A835E2925821F390033CB56 /* AppDelegate.m */ = {isa = PBXFileReference; lastKnownFileType = sourcecode.c.objc; path = AppDelegate.m; sourceTree = "<group>"; };
		8A835E2B25821F390033CB56 /* SceneDelegate.h */ = {isa = PBXFileReference; lastKnownFileType = sourcecode.c.h; path = SceneDelegate.h; sourceTree = "<group>"; };
		8A835E2C25821F390033CB56 /* SceneDelegate.m */ = {isa = PBXFileReference; lastKnownFileType = sourcecode.c.objc; path = SceneDelegate.m; sourceTree = "<group>"; };
		8A835E2E25821F390033CB56 /* ViewController.h */ = {isa = PBXFileReference; lastKnownFileType = sourcecode.c.h; path = ViewController.h; sourceTree = "<group>"; };
		8A835E2F25821F390033CB56 /* ViewController.m */ = {isa = PBXFileReference; lastKnownFileType = sourcecode.c.objc; path = ViewController.m; sourceTree = "<group>"; };
		8A835E3225821F390033CB56 /* Base */ = {isa = PBXFileReference; lastKnownFileType = file.storyboard; name = Base; path = Base.lproj/Main.storyboard; sourceTree = "<group>"; };
		8A835E3425821F3E0033CB56 /* Assets.xcassets */ = {isa = PBXFileReference; lastKnownFileType = folder.assetcatalog; path = Assets.xcassets; sourceTree = "<group>"; };
		8A835E3725821F3E0033CB56 /* Base */ = {isa = PBXFileReference; lastKnownFileType = file.storyboard; name = Base; path = Base.lproj/LaunchScreen.storyboard; sourceTree = "<group>"; };
		8A835E3925821F3E0033CB56 /* Info.plist */ = {isa = PBXFileReference; lastKnownFileType = text.plist.xml; path = Info.plist; sourceTree = "<group>"; };
		8A835E3A25821F3E0033CB56 /* main.m */ = {isa = PBXFileReference; lastKnownFileType = sourcecode.c.objc; path = main.m; sourceTree = "<group>"; };
		8A835E4025821F3E0033CB56 /* UILabel的使用Tests.xctest */ = {isa = PBXFileReference; explicitFileType = wrapper.cfbundle; includeInIndex = 0; path = "UILabel的使用Tests.xctest"; sourceTree = BUILT_PRODUCTS_DIR; };
		8A835E4425821F3E0033CB56 /* UILabel___Tests.m */ = {isa = PBXFileReference; lastKnownFileType = sourcecode.c.objc; path = "UILabel___Tests.m"; sourceTree = "<group>"; };
		8A835E4625821F3E0033CB56 /* Info.plist */ = {isa = PBXFileReference; lastKnownFileType = text.plist.xml; path = Info.plist; sourceTree = "<group>"; };
		8A835E4B25821F3E0033CB56 /* UILabel的使用UITests.xctest */ = {isa = PBXFileReference; explicitFileType = wrapper.cfbundle; includeInIndex = 0; path = "UILabel的使用UITests.xctest"; sourceTree = BUILT_PRODUCTS_DIR; };
		8A835E4F25821F3E0033CB56 /* UILabel___UITests.m */ = {isa = PBXFileReference; lastKnownFileType = sourcecode.c.objc; path = "UILabel___UITests.m"; sourceTree = "<group>"; };
		8A835E5125821F3E0033CB56 /* Info.plist */ = {isa = PBXFileReference; lastKnownFileType = text.plist.xml; path = Info.plist; sourceTree = "<group>"; };
/* End PBXFileReference section */

/* Begin PBXFrameworksBuildPhase section */
		8A835E2225821F390033CB56 /* Frameworks */ = {
			isa = PBXFrameworksBuildPhase;
			buildActionMask = 2147483647;
			files = (
			);
			runOnlyForDeploymentPostprocessing = 0;
		};
		8A835E3D25821F3E0033CB56 /* Frameworks */ = {
			isa = PBXFrameworksBuildPhase;
			buildActionMask = 2147483647;
			files = (
			);
			runOnlyForDeploymentPostprocessing = 0;
		};
		8A835E4825821F3E0033CB56 /* Frameworks */ = {
			isa = PBXFrameworksBuildPhase;
			buildActionMask = 2147483647;
			files = (
			);
			runOnlyForDeploymentPostprocessing = 0;
		};
/* End PBXFrameworksBuildPhase section */

/* Begin PBXGroup section */
		8A835E1C25821F390033CB56 = {
			isa = PBXGroup;
			children = (
				8A835E2725821F390033CB56 /* UILabel的使用 */,
				8A835E4325821F3E0033CB56 /* UILabel的使用Tests */,
				8A835E4E25821F3E0033CB56 /* UILabel的使用UITests */,
				8A835E2625821F390033CB56 /* Products */,
			);
			sourceTree = "<group>";
		};
		8A835E2625821F390033CB56 /* Products */ = {
			isa = PBXGroup;
			children = (
				8A835E2525821F390033CB56 /* UILabel的使用.app */,
				8A835E4025821F3E0033CB56 /* UILabel的使用Tests.xctest */,
				8A835E4B25821F3E0033CB56 /* UILabel的使用UITests.xctest */,
			);
			name = Products;
			sourceTree = "<group>";
		};
		8A835E2725821F390033CB56 /* UILabel的使用 */ = {
			isa = PBXGroup;
			children = (
				8A835E2825821F390033CB56 /* AppDelegate.h */,
				8A835E2925821F390033CB56 /* AppDelegate.m */,
				8A835E2B25821F390033CB56 /* SceneDelegate.h */,
				8A835E2C25821F390033CB56 /* SceneDelegate.m */,
				8A835E2E25821F390033CB56 /* ViewController.h */,
				8A835E2F25821F390033CB56 /* ViewController.m */,
				8A835E3125821F390033CB56 /* Main.storyboard */,
				8A835E3425821F3E0033CB56 /* Assets.xcassets */,
				8A835E3625821F3E0033CB56 /* LaunchScreen.storyboard */,
				8A835E3925821F3E0033CB56 /* Info.plist */,
				8A835E3A25821F3E0033CB56 /* main.m */,
			);
			path = "UILabel的使用";
			sourceTree = "<group>";
		};
		8A835E4325821F3E0033CB56 /* UILabel的使用Tests */ = {
			isa = PBXGroup;
			children = (
				8A835E4425821F3E0033CB56 /* UILabel___Tests.m */,
				8A835E4625821F3E0033CB56 /* Info.plist */,
			);
			path = "UILabel的使用Tests";
			sourceTree = "<group>";
		};
		8A835E4E25821F3E0033CB56 /* UILabel的使用UITests */ = {
			isa = PBXGroup;
			children = (
				8A835E4F25821F3E0033CB56 /* UILabel___UITests.m */,
				8A835E5125821F3E0033CB56 /* Info.plist */,
			);
			path = "UILabel的使用UITests";
			sourceTree = "<group>";
		};
/* End PBXGroup section */

/* Begin PBXNativeTarget section */
		8A835E2425821F390033CB56 /* UILabel的使用 */ = {
			isa = PBXNativeTarget;
			buildConfigurationList = 8A835E5425821F3E0033CB56 /* Build configuration list for PBXNativeTarget "UILabel的使用" */;
			buildPhases = (
				8A835E2125821F390033CB56 /* Sources */,
				8A835E2225821F390033CB56 /* Frameworks */,
				8A835E2325821F390033CB56 /* Resources */,
			);
			buildRules = (
			);
			dependencies = (
			);
			name = "UILabel的使用";
			productName = "UILabel的使用";
			productReference = 8A835E2525821F390033CB56 /* UILabel的使用.app */;
			productType = "com.apple.product-type.application";
		};
		8A835E3F25821F3E0033CB56 /* UILabel的使用Tests */ = {
			isa = PBXNativeTarget;
			buildConfigurationList = 8A835E5725821F3E0033CB56 /* Build configuration list for PBXNativeTarget "UILabel的使用Tests" */;
			buildPhases = (
				8A835E3C25821F3E0033CB56 /* Sources */,
				8A835E3D25821F3E0033CB56 /* Frameworks */,
				8A835E3E25821F3E0033CB56 /* Resources */,
			);
			buildRules = (
			);
			dependencies = (
				8A835E4225821F3E0033CB56 /* PBXTargetDependency */,
			);
			name = "UILabel的使用Tests";
			productName = "UILabel的使用Tests";
			productReference = 8A835E4025821F3E0033CB56 /* UILabel的使用Tests.xctest */;
			productType = "com.apple.product-type.bundle.unit-test";
		};
		8A835E4A25821F3E0033CB56 /* UILabel的使用UITests */ = {
			isa = PBXNativeTarget;
			buildConfigurationList = 8A835E5A25821F3E0033CB56 /* Build configuration list for PBXNativeTarget "UILabel的使用UITests" */;
			buildPhases = (
				8A835E4725821F3E0033CB56 /* Sources */,
				8A835E4825821F3E0033CB56 /* Frameworks */,
				8A835E4925821F3E0033CB56 /* Resources */,
			);
			buildRules = (
			);
			dependencies = (
				8A835E4D25821F3E0033CB56 /* PBXTargetDependency */,
			);
			name = "UILabel的使用UITests";
			productName = "UILabel的使用UITests";
			productReference = 8A835E4B25821F3E0033CB56 /* UILabel的使用UITests.xctest */;
			productType = "com.apple.product-type.bundle.ui-testing";
		};
/* End PBXNativeTarget section */

/* Begin PBXProject section */
		8A835E1D25821F390033CB56 /* Project object */ = {
			isa = PBXProject;
			attributes = {
				LastUpgradeCheck = 1220;
				TargetAttributes = {
					8A835E2425821F390033CB56 = {
						CreatedOnToolsVersion = 12.2;
					};
					8A835E3F25821F3E0033CB56 = {
						CreatedOnToolsVersion = 12.2;
						TestTargetID = 8A835E2425821F390033CB56;
					};
					8A835E4A25821F3E0033CB56 = {
						CreatedOnToolsVersion = 12.2;
						TestTargetID = 8A835E2425821F390033CB56;
					};
				};
			};
			buildConfigurationList = 8A835E2025821F390033CB56 /* Build configuration list for PBXProject "UILabel的使用" */;
			compatibilityVersion = "Xcode 9.3";
			developmentRegion = en;
			hasScannedForEncodings = 0;
			knownRegions = (
				en,
				Base,
			);
			mainGroup = 8A835E1C25821F390033CB56;
			productRefGroup = 8A835E2625821F390033CB56 /* Products */;
			projectDirPath = "";
			projectRoot = "";
			targets = (
				8A835E2425821F390033CB56 /* UILabel的使用 */,
				8A835E3F25821F3E0033CB56 /* UILabel的使用Tests */,
				8A835E4A25821F3E0033CB56 /* UILabel的使用UITests */,
			);
		};
/* End PBXProject section */

/* Begin PBXResourcesBuildPhase section */
		8A835E2325821F390033CB56 /* Resources */ = {
			isa = PBXResourcesBuildPhase;
			buildActionMask = 2147483647;
			files = (
				8A835E3825821F3E0033CB56 /* LaunchScreen.storyboard in Resources */,
				8A835E3525821F3E0033CB56 /* Assets.xcassets in Resources */,
				8A835E3325821F390033CB56 /* Main.storyboard in Resources */,
			);
			runOnlyForDeploymentPostprocessing = 0;
		};
		8A835E3E25821F3E0033CB56 /* Resources */ = {
			isa = PBXResourcesBuildPhase;
			buildActionMask = 2147483647;
			files = (
			);
			runOnlyForDeploymentPostprocessing = 0;
		};
		8A835E4925821F3E0033CB56 /* Resources */ = {
			isa = PBXResourcesBuildPhase;
			buildActionMask = 2147483647;
			files = (
			);
			runOnlyForDeploymentPostprocessing = 0;
		};
/* End PBXResourcesBuildPhase section */

/* Begin PBXSourcesBuildPhase section */
		8A835E2125821F390033CB56 /* Sources */ = {
			isa = PBXSourcesBuildPhase;
			buildActionMask = 2147483647;
			files = (
				8A835E3025821F390033CB56 /* ViewController.m in Sources */,
				8A835E2A25821F390033CB56 /* AppDelegate.m in Sources */,
				8A835E3B25821F3E0033CB56 /* main.m in Sources */,
				8A835E2D25821F390033CB56 /* SceneDelegate.m in Sources */,
			);
			runOnlyForDeploymentPostprocessing = 0;
		};
		8A835E3C25821F3E0033CB56 /* Sources */ = {
			isa = PBXSourcesBuildPhase;
			buildActionMask = 2147483647;
			files = (
				8A835E4525821F3E0033CB56 /* UILabel___Tests.m in Sources */,
			);
			runOnlyForDeploymentPostprocessing = 0;
		};
		8A835E4725821F3E0033CB56 /* Sources */ = {
			isa = PBXSourcesBuildPhase;
			buildActionMask = 2147483647;
			files = (
				8A835E5025821F3E0033CB56 /* UILabel___UITests.m in Sources */,
			);
			runOnlyForDeploymentPostprocessing = 0;
		};
/* End PBXSourcesBuildPhase section */

/* Begin PBXTargetDependency section */
		8A835E4225821F3E0033CB56 /* PBXTargetDependency */ = {
			isa = PBXTargetDependency;
			target = 8A835E2425821F390033CB56 /* UILabel的使用 */;
			targetProxy = 8A835E4125821F3E0033CB56 /* PBXContainerItemProxy */;
		};
		8A835E4D25821F3E0033CB56 /* PBXTargetDependency */ = {
			isa = PBXTargetDependency;
			target = 8A835E2425821F390033CB56 /* UILabel的使用 */;
			targetProxy = 8A835E4C25821F3E0033CB56 /* PBXContainerItemProxy */;
		};
/* End PBXTargetDependency section */

/* Begin PBXVariantGroup section */
		8A835E3125821F390033CB56 /* Main.storyboard */ = {
			isa = PBXVariantGroup;
			children = (
				8A835E3225821F390033CB56 /* Base */,
			);
			name = Main.storyboard;
			sourceTree = "<group>";
		};
		8A835E3625821F3E0033CB56 /* LaunchScreen.storyboard */ = {
			isa = PBXVariantGroup;
			children = (
				8A835E3725821F3E0033CB56 /* Base */,
			);
			name = LaunchScreen.storyboard;
			sourceTree = "<group>";
		};
/* End PBXVariantGroup section */

/* Begin XCBuildConfiguration section */
		8A835E5225821F3E0033CB56 /* Debug */ = {
			isa = XCBuildConfiguration;
			buildSettings = {
				ALWAYS_SEARCH_USER_PATHS = NO;
				CLANG_ANALYZER_NONNULL = YES;
				CLANG_ANALYZER_NUMBER_OBJECT_CONVERSION = YES_AGGRESSIVE;
				CLANG_CXX_LANGUAGE_STANDARD = "gnu++14";
				CLANG_CXX_LIBRARY = "libc++";
				CLANG_ENABLE_MODULES = YES;
				CLANG_ENABLE_OBJC_ARC = YES;
				CLANG_ENABLE_OBJC_WEAK = YES;
				CLANG_WARN_BLOCK_CAPTURE_AUTORELEASING = YES;
				CLANG_WARN_BOOL_CONVERSION = YES;
				CLANG_WARN_COMMA = YES;
				CLANG_WARN_CONSTANT_CONVERSION = YES;
				CLANG_WARN_DEPRECATED_OBJC_IMPLEMENTATIONS = YES;
				CLANG_WARN_DIRECT_OBJC_ISA_USAGE = YES_ERROR;
				CLANG_WARN_DOCUMENTATION_COMMENTS = YES;
				CLANG_WARN_EMPTY_BODY = YES;
				CLANG_WARN_ENUM_CONVERSION = YES;
				CLANG_WARN_INFINITE_RECURSION = YES;
				CLANG_WARN_INT_CONVERSION = YES;
				CLANG_WARN_NON_LITERAL_NULL_CONVERSION = YES;
				CLANG_WARN_OBJC_IMPLICIT_RETAIN_SELF = YES;
				CLANG_WARN_OBJC_LITERAL_CONVERSION = YES;
				CLANG_WARN_OBJC_ROOT_CLASS = YES_ERROR;
				CLANG_WARN_QUOTED_INCLUDE_IN_FRAMEWORK_HEADER = YES;
				CLANG_WARN_RANGE_LOOP_ANALYSIS = YES;
				CLANG_WARN_STRICT_PROTOTYPES = YES;
				CLANG_WARN_SUSPICIOUS_MOVE = YES;
				CLANG_WARN_UNGUARDED_AVAILABILITY = YES_AGGRESSIVE;
				CLANG_WARN_UNREACHABLE_CODE = YES;
				CLANG_WARN__DUPLICATE_METHOD_MATCH = YES;
				COPY_PHASE_STRIP = NO;
				DEBUG_INFORMATION_FORMAT = dwarf;
				ENABLE_STRICT_OBJC_MSGSEND = YES;
				ENABLE_TESTABILITY = YES;
				GCC_C_LANGUAGE_STANDARD = gnu11;
				GCC_DYNAMIC_NO_PIC = NO;
				GCC_NO_COMMON_BLOCKS = YES;
				GCC_OPTIMIZATION_LEVEL = 0;
				GCC_PREPROCESSOR_DEFINITIONS = (
					"DEBUG=1",
					"$(inherited)",
				);
				GCC_WARN_64_TO_32_BIT_CONVERSION = YES;
				GCC_WARN_ABOUT_RETURN_TYPE = YES_ERROR;
				GCC_WARN_UNDECLARED_SELECTOR = YES;
				GCC_WARN_UNINITIALIZED_AUTOS = YES_AGGRESSIVE;
				GCC_WARN_UNUSED_FUNCTION = YES;
				GCC_WARN_UNUSED_VARIABLE = YES;
				IPHONEOS_DEPLOYMENT_TARGET = 14.2;
				MTL_ENABLE_DEBUG_INFO = INCLUDE_SOURCE;
				MTL_FAST_MATH = YES;
				ONLY_ACTIVE_ARCH = YES;
				SDKROOT = iphoneos;
			};
			name = Debug;
		};
		8A835E5325821F3E0033CB56 /* Release */ = {
			isa = XCBuildConfiguration;
			buildSettings = {
				ALWAYS_SEARCH_USER_PATHS = NO;
				CLANG_ANALYZER_NONNULL = YES;
				CLANG_ANALYZER_NUMBER_OBJECT_CONVERSION = YES_AGGRESSIVE;
				CLANG_CXX_LANGUAGE_STANDARD = "gnu++14";
				CLANG_CXX_LIBRARY = "libc++";
				CLANG_ENABLE_MODULES = YES;
				CLANG_ENABLE_OBJC_ARC = YES;
				CLANG_ENABLE_OBJC_WEAK = YES;
				CLANG_WARN_BLOCK_CAPTURE_AUTORELEASING = YES;
				CLANG_WARN_BOOL_CONVERSION = YES;
				CLANG_WARN_COMMA = YES;
				CLANG_WARN_CONSTANT_CONVERSION = YES;
				CLANG_WARN_DEPRECATED_OBJC_IMPLEMENTATIONS = YES;
				CLANG_WARN_DIRECT_OBJC_ISA_USAGE = YES_ERROR;
				CLANG_WARN_DOCUMENTATION_COMMENTS = YES;
				CLANG_WARN_EMPTY_BODY = YES;
				CLANG_WARN_ENUM_CONVERSION = YES;
				CLANG_WARN_INFINITE_RECURSION = YES;
				CLANG_WARN_INT_CONVERSION = YES;
				CLANG_WARN_NON_LITERAL_NULL_CONVERSION = YES;
				CLANG_WARN_OBJC_IMPLICIT_RETAIN_SELF = YES;
				CLANG_WARN_OBJC_LITERAL_CONVERSION = YES;
				CLANG_WARN_OBJC_ROOT_CLASS = YES_ERROR;
				CLANG_WARN_QUOTED_INCLUDE_IN_FRAMEWORK_HEADER = YES;
				CLANG_WARN_RANGE_LOOP_ANALYSIS = YES;
				CLANG_WARN_STRICT_PROTOTYPES = YES;
				CLANG_WARN_SUSPICIOUS_MOVE = YES;
				CLANG_WARN_UNGUARDED_AVAILABILITY = YES_AGGRESSIVE;
				CLANG_WARN_UNREACHABLE_CODE = YES;
				CLANG_WARN__DUPLICATE_METHOD_MATCH = YES;
				COPY_PHASE_STRIP = NO;
				DEBUG_INFORMATION_FORMAT = "dwarf-with-dsym";
				ENABLE_NS_ASSERTIONS = NO;
				ENABLE_STRICT_OBJC_MSGSEND = YES;
				GCC_C_LANGUAGE_STANDARD = gnu11;
				GCC_NO_COMMON_BLOCKS = YES;
				GCC_WARN_64_TO_32_BIT_CONVERSION = YES;
				GCC_WARN_ABOUT_RETURN_TYPE = YES_ERROR;
				GCC_WARN_UNDECLARED_SELECTOR = YES;
				GCC_WARN_UNINITIALIZED_AUTOS = YES_AGGRESSIVE;
				GCC_WARN_UNUSED_FUNCTION = YES;
				GCC_WARN_UNUSED_VARIABLE = YES;
				IPHONEOS_DEPLOYMENT_TARGET = 14.2;
				MTL_ENABLE_DEBUG_INFO = NO;
				MTL_FAST_MATH = YES;
				SDKROOT = iphoneos;
				VALIDATE_PRODUCT = YES;
			};
			name = Release;
		};
		8A835E5525821F3E0033CB56 /* Debug */ = {
			isa = XCBuildConfiguration;
			buildSettings = {
				ASSETCATALOG_COMPILER_APPICON_NAME = AppIcon;
				ASSETCATALOG_COMPILER_GLOBAL_ACCENT_COLOR_NAME = AccentColor;
				CODE_SIGN_STYLE = Automatic;
				DEVELOPMENT_TEAM = VF8XM5X8U6;
				INFOPLIST_FILE = "UILabel的使用/Info.plist";
				LD_RUNPATH_SEARCH_PATHS = (
					"$(inherited)",
					"@executable_path/Frameworks",
				);
				PRODUCT_BUNDLE_IDENTIFIER = "CJH.UILabel---";
				PRODUCT_NAME = "$(TARGET_NAME)";
				TARGETED_DEVICE_FAMILY = "1,2";
			};
			name = Debug;
		};
		8A835E5625821F3E0033CB56 /* Release */ = {
			isa = XCBuildConfiguration;
			buildSettings = {
				ASSETCATALOG_COMPILER_APPICON_NAME = AppIcon;
				ASSETCATALOG_COMPILER_GLOBAL_ACCENT_COLOR_NAME = AccentColor;
				CODE_SIGN_STYLE = Automatic;
				DEVELOPMENT_TEAM = VF8XM5X8U6;
				INFOPLIST_FILE = "UILabel的使用/Info.plist";
				LD_RUNPATH_SEARCH_PATHS = (
					"$(inherited)",
					"@executable_path/Frameworks",
				);
				PRODUCT_BUNDLE_IDENTIFIER = "CJH.UILabel---";
				PRODUCT_NAME = "$(TARGET_NAME)";
				TARGETED_DEVICE_FAMILY = "1,2";
			};
			name = Release;
		};
		8A835E5825821F3E0033CB56 /* Debug */ = {
			isa = XCBuildConfiguration;
			buildSettings = {
				BUNDLE_LOADER = "$(TEST_HOST)";
				CODE_SIGN_STYLE = Automatic;
				DEVELOPMENT_TEAM = VF8XM5X8U6;
				INFOPLIST_FILE = "UILabel的使用Tests/Info.plist";
				IPHONEOS_DEPLOYMENT_TARGET = 14.2;
				LD_RUNPATH_SEARCH_PATHS = (
					"$(inherited)",
					"@executable_path/Frameworks",
					"@loader_path/Frameworks",
				);
				PRODUCT_BUNDLE_IDENTIFIER = "CJH.UILabel---Tests";
				PRODUCT_NAME = "$(TARGET_NAME)";
				TARGETED_DEVICE_FAMILY = "1,2";
				TEST_HOST = "$(BUILT_PRODUCTS_DIR)/UILabel的使用.app/UILabel的使用";
			};
			name = Debug;
		};
		8A835E5925821F3E0033CB56 /* Release */ = {
			isa = XCBuildConfiguration;
			buildSettings = {
				BUNDLE_LOADER = "$(TEST_HOST)";
				CODE_SIGN_STYLE = Automatic;
				DEVELOPMENT_TEAM = VF8XM5X8U6;
				INFOPLIST_FILE = "UILabel的使用Tests/Info.plist";
				IPHONEOS_DEPLOYMENT_TARGET = 14.2;
				LD_RUNPATH_SEARCH_PATHS = (
					"$(inherited)",
					"@executable_path/Frameworks",
					"@loader_path/Frameworks",
				);
				PRODUCT_BUNDLE_IDENTIFIER = "CJH.UILabel---Tests";
				PRODUCT_NAME = "$(TARGET_NAME)";
				TARGETED_DEVICE_FAMILY = "1,2";
				TEST_HOST = "$(BUILT_PRODUCTS_DIR)/UILabel的使用.app/UILabel的使用";
			};
			name = Release;
		};
		8A835E5B25821F3E0033CB56 /* Debug */ = {
			isa = XCBuildConfiguration;
			buildSettings = {
				CODE_SIGN_STYLE = Automatic;
				DEVELOPMENT_TEAM = VF8XM5X8U6;
				INFOPLIST_FILE = "UILabel的使用UITests/Info.plist";
				LD_RUNPATH_SEARCH_PATHS = (
					"$(inherited)",
					"@executable_path/Frameworks",
					"@loader_path/Frameworks",
				);
				PRODUCT_BUNDLE_IDENTIFIER = "CJH.UILabel---UITests";
				PRODUCT_NAME = "$(TARGET_NAME)";
				TARGETED_DEVICE_FAMILY = "1,2";
				TEST_TARGET_NAME = "UILabel的使用";
			};
			name = Debug;
		};
		8A835E5C25821F3E0033CB56 /* Release */ = {
			isa = XCBuildConfiguration;
			buildSettings = {
				CODE_SIGN_STYLE = Automatic;
				DEVELOPMENT_TEAM = VF8XM5X8U6;
				INFOPLIST_FILE = "UILabel的使用UITests/Info.plist";
				LD_RUNPATH_SEARCH_PATHS = (
					"$(inherited)",
					"@executable_path/Frameworks",
					"@loader_path/Frameworks",
				);
				PRODUCT_BUNDLE_IDENTIFIER = "CJH.UILabel---UITests";
				PRODUCT_NAME = "$(TARGET_NAME)";
				TARGETED_DEVICE_FAMILY = "1,2";
				TEST_TARGET_NAME = "UILabel的使用";
			};
			name = Release;
		};
/* End XCBuildConfiguration section */

/* Begin XCConfigurationList section */
		8A835E2025821F390033CB56 /* Build configuration list for PBXProject "UILabel的使用" */ = {
			isa = XCConfigurationList;
			buildConfigurations = (
				8A835E5225821F3E0033CB56 /* Debug */,
				8A835E5325821F3E0033CB56 /* Release */,
			);
			defaultConfigurationIsVisible = 0;
			defaultConfigurationName = Release;
		};
		8A835E5425821F3E0033CB56 /* Build configuration list for PBXNativeTarget "UILabel的使用" */ = {
			isa = XCConfigurationList;
			buildConfigurations = (
				8A835E5525821F3E0033CB56 /* Debug */,
				8A835E5625821F3E0033CB56 /* Release */,
			);
			defaultConfigurationIsVisible = 0;
			defaultConfigurationName = Release;
		};
		8A835E5725821F3E0033CB56 /* Build configuration list for PBXNativeTarget "UILabel的使用Tests" */ = {
			isa = XCConfigurationList;
			buildConfigurations = (
				8A835E5825821F3E0033CB56 /* Debug */,
				8A835E5925821F3E0033CB56 /* Release */,
			);
			defaultConfigurationIsVisible = 0;
			defaultConfigurationName = Release;
		};
		8A835E5A25821F3E0033CB56 /* Build configuration list for PBXNativeTarget "UILabel的使用UITests" */ = {
			isa = XCConfigurationList;
			buildConfigurations = (
				8A835E5B25821F3E0033CB56 /* Debug */,
				8A835E5C25821F3E0033CB56 /* Release */,
			);
			defaultConfigurationIsVisible = 0;
			defaultConfigurationName = Release;
		};
/* End XCConfigurationList section */
	};
	rootObject = 8A835E1D25821F390033CB56 /* Project object */;
}
